// !$*UTF8*$!
{
	archiveVersion = 1;
	classes = {
	};
	objectVersion = 52;
	objects = {

/* Begin PBXBuildFile section */
		B52AC7C026EE1C0D000B72FE /* AppDelegate.swift in Sources */ = {isa = PBXBuildFile; fileRef = B52AC7BF26EE1C0D000B72FE /* AppDelegate.swift */; };
		B52AC7C226EE1C0D000B72FE /* SceneDelegate.swift in Sources */ = {isa = PBXBuildFile; fileRef = B52AC7C126EE1C0D000B72FE /* SceneDelegate.swift */; };
		B52AC7C926EE1C0F000B72FE /* Assets.xcassets in Resources */ = {isa = PBXBuildFile; fileRef = B52AC7C826EE1C0F000B72FE /* Assets.xcassets */; };
		B52AC7CC26EE1C0F000B72FE /* LaunchScreen.storyboard in Resources */ = {isa = PBXBuildFile; fileRef = B52AC7CA26EE1C0F000B72FE /* LaunchScreen.storyboard */; };
		B52AC7DD26EE1E2D000B72FE /* SingIn.storyboard in Resources */ = {isa = PBXBuildFile; fileRef = B52AC7DC26EE1E2D000B72FE /* SingIn.storyboard */; };
		B52AC7DF26EE1E62000B72FE /* SignInVC.swift in Sources */ = {isa = PBXBuildFile; fileRef = B52AC7DE26EE1E62000B72FE /* SignInVC.swift */; };
		B52AC7E126EE1FCB000B72FE /* MainVeiw.storyboard in Resources */ = {isa = PBXBuildFile; fileRef = B52AC7E026EE1FCB000B72FE /* MainVeiw.storyboard */; };
		B52AC7E326EE2005000B72FE /* Garage.storyboard in Resources */ = {isa = PBXBuildFile; fileRef = B52AC7E226EE2005000B72FE /* Garage.storyboard */; };
		B52AC7E526EE2049000B72FE /* Statistics.storyboard in Resources */ = {isa = PBXBuildFile; fileRef = B52AC7E426EE2049000B72FE /* Statistics.storyboard */; };
		B52AC7E726EE209B000B72FE /* Maintenance.storyboard in Resources */ = {isa = PBXBuildFile; fileRef = B52AC7E626EE209B000B72FE /* Maintenance.storyboard */; };
		B52AC7F526EE30BC000B72FE /* GoogleService-Info.plist in Resources */ = {isa = PBXBuildFile; fileRef = B52AC7F426EE30BC000B72FE /* GoogleService-Info.plist */; };
		B5BA966D26EF9C5E002BF186 /* FirebaseAuth in Frameworks */ = {isa = PBXBuildFile; productRef = B5BA966C26EF9C5E002BF186 /* FirebaseAuth */; };
		B5BA966F26EF9C5E002BF186 /* FirebaseDatabase in Frameworks */ = {isa = PBXBuildFile; productRef = B5BA966E26EF9C5E002BF186 /* FirebaseDatabase */; };
		B5C766EE26EF6EBB00EAD2D9 /* User.swift in Sources */ = {isa = PBXBuildFile; fileRef = B5C766ED26EF6EBB00EAD2D9 /* User.swift */; };
		B5E1090D26EE5986006B50AE /* Constants.swift in Sources */ = {isa = PBXBuildFile; fileRef = B5E1090C26EE5986006B50AE /* Constants.swift */; };
/* End PBXBuildFile section */

/* Begin PBXFileReference section */
		B52AC7BC26EE1C0D000B72FE /* Car maintenance.app */ = {isa = PBXFileReference; explicitFileType = wrapper.application; includeInIndex = 0; path = "Car maintenance.app"; sourceTree = BUILT_PRODUCTS_DIR; };
		B52AC7BF26EE1C0D000B72FE /* AppDelegate.swift */ = {isa = PBXFileReference; lastKnownFileType = sourcecode.swift; path = AppDelegate.swift; sourceTree = "<group>"; };
		B52AC7C126EE1C0D000B72FE /* SceneDelegate.swift */ = {isa = PBXFileReference; lastKnownFileType = sourcecode.swift; path = SceneDelegate.swift; sourceTree = "<group>"; };
		B52AC7C826EE1C0F000B72FE /* Assets.xcassets */ = {isa = PBXFileReference; lastKnownFileType = folder.assetcatalog; path = Assets.xcassets; sourceTree = "<group>"; };
		B52AC7CB26EE1C0F000B72FE /* Base */ = {isa = PBXFileReference; lastKnownFileType = file.storyboard; name = Base; path = Base.lproj/LaunchScreen.storyboard; sourceTree = "<group>"; };
		B52AC7CD26EE1C0F000B72FE /* Info.plist */ = {isa = PBXFileReference; lastKnownFileType = text.plist.xml; path = Info.plist; sourceTree = "<group>"; };
		B52AC7DC26EE1E2D000B72FE /* SingIn.storyboard */ = {isa = PBXFileReference; lastKnownFileType = file.storyboard; path = SingIn.storyboard; sourceTree = "<group>"; };
		B52AC7DE26EE1E62000B72FE /* SignInVC.swift */ = {isa = PBXFileReference; lastKnownFileType = sourcecode.swift; path = SignInVC.swift; sourceTree = "<group>"; };
		B52AC7E026EE1FCB000B72FE /* MainVeiw.storyboard */ = {isa = PBXFileReference; lastKnownFileType = file.storyboard; path = MainVeiw.storyboard; sourceTree = "<group>"; };
		B52AC7E226EE2005000B72FE /* Garage.storyboard */ = {isa = PBXFileReference; lastKnownFileType = file.storyboard; path = Garage.storyboard; sourceTree = "<group>"; };
		B52AC7E426EE2049000B72FE /* Statistics.storyboard */ = {isa = PBXFileReference; lastKnownFileType = file.storyboard; path = Statistics.storyboard; sourceTree = "<group>"; };
		B52AC7E626EE209B000B72FE /* Maintenance.storyboard */ = {isa = PBXFileReference; lastKnownFileType = file.storyboard; path = Maintenance.storyboard; sourceTree = "<group>"; };
		B52AC7F426EE30BC000B72FE /* GoogleService-Info.plist */ = {isa = PBXFileReference; fileEncoding = 4; lastKnownFileType = text.plist.xml; path = "GoogleService-Info.plist"; sourceTree = "<group>"; };
		B5C766ED26EF6EBB00EAD2D9 /* User.swift */ = {isa = PBXFileReference; lastKnownFileType = sourcecode.swift; path = User.swift; sourceTree = "<group>"; };
		B5E1090C26EE5986006B50AE /* Constants.swift */ = {isa = PBXFileReference; lastKnownFileType = sourcecode.swift; path = Constants.swift; sourceTree = "<group>"; };
/* End PBXFileReference section */

/* Begin PBXFrameworksBuildPhase section */
		B52AC7B926EE1C0D000B72FE /* Frameworks */ = {
			isa = PBXFrameworksBuildPhase;
			buildActionMask = 2147483647;
			files = (
				B5BA966F26EF9C5E002BF186 /* FirebaseDatabase in Frameworks */,
				B5BA966D26EF9C5E002BF186 /* FirebaseAuth in Frameworks */,
			);
			runOnlyForDeploymentPostprocessing = 0;
		};
/* End PBXFrameworksBuildPhase section */

/* Begin PBXGroup section */
		B52AC7B326EE1C0D000B72FE = {
			isa = PBXGroup;
			children = (
				B52AC7BE26EE1C0D000B72FE /* Car maintenance */,
				B52AC7BD26EE1C0D000B72FE /* Products */,
				B5BA966B26EF9C5E002BF186 /* Frameworks */,
			);
			sourceTree = "<group>";
		};
		B52AC7BD26EE1C0D000B72FE /* Products */ = {
			isa = PBXGroup;
			children = (
				B52AC7BC26EE1C0D000B72FE /* Car maintenance.app */,
			);
			name = Products;
			sourceTree = "<group>";
		};
		B52AC7BE26EE1C0D000B72FE /* Car maintenance */ = {
			isa = PBXGroup;
			children = (
				B52AC7D826EE1CA6000B72FE /* Assets */,
				B52AC7D726EE1C8B000B72FE /* AppDelegate */,
				B52AC7D326EE1C15000B72FE /* Constants */,
				B52AC7D926EE1CE7000B72FE /* Serveices */,
				B52AC7D426EE1C46000B72FE /* Models */,
				B52AC7D526EE1C63000B72FE /* Controllers */,
				B52AC7D626EE1C6E000B72FE /* Veiws */,
				B52AC7CD26EE1C0F000B72FE /* Info.plist */,
				B52AC7F426EE30BC000B72FE /* GoogleService-Info.plist */,
			);
			path = "Car maintenance";
			sourceTree = "<group>";
		};
		B52AC7D326EE1C15000B72FE /* Constants */ = {
			isa = PBXGroup;
			children = (
				B5E1090C26EE5986006B50AE /* Constants.swift */,
			);
			path = Constants;
			sourceTree = "<group>";
		};
		B52AC7D426EE1C46000B72FE /* Models */ = {
			isa = PBXGroup;
			children = (
				B5C766ED26EF6EBB00EAD2D9 /* User.swift */,
			);
			path = Models;
			sourceTree = "<group>";
		};
		B52AC7D526EE1C63000B72FE /* Controllers */ = {
			isa = PBXGroup;
			children = (
				B52AC7EE26EE21C1000B72FE /* VCSingInFlow */,
				B52AC7EB26EE215E000B72FE /* VCMaintenanceFlow */,
				B52AC7EC26EE2185000B72FE /* VCStatisticsFlow */,
				B52AC7ED26EE219B000B72FE /* VCGarageFlow */,
			);
			path = Controllers;
			sourceTree = "<group>";
		};
		B52AC7D626EE1C6E000B72FE /* Veiws */ = {
			isa = PBXGroup;
			children = (
				B52AC7E026EE1FCB000B72FE /* MainVeiw.storyboard */,
				B52AC7EA26EE210F000B72FE /* MaintenanceFlow */,
				B52AC7E926EE20F0000B72FE /* StatisticsFlow */,
				B52AC7E826EE20CE000B72FE /* GarageFlow */,
				B52AC7DB26EE1DEA000B72FE /* LaunchAndSingIn */,
			);
			path = Veiws;
			sourceTree = "<group>";
		};
		B52AC7D726EE1C8B000B72FE /* AppDelegate */ = {
			isa = PBXGroup;
			children = (
				B52AC7C126EE1C0D000B72FE /* SceneDelegate.swift */,
				B52AC7BF26EE1C0D000B72FE /* AppDelegate.swift */,
			);
			path = AppDelegate;
			sourceTree = "<group>";
		};
		B52AC7D826EE1CA6000B72FE /* Assets */ = {
			isa = PBXGroup;
			children = (
				B52AC7C826EE1C0F000B72FE /* Assets.xcassets */,
			);
			path = Assets;
			sourceTree = "<group>";
		};
		B52AC7D926EE1CE7000B72FE /* Serveices */ = {
			isa = PBXGroup;
			children = (
			);
			path = Serveices;
			sourceTree = "<group>";
		};
		B52AC7DB26EE1DEA000B72FE /* LaunchAndSingIn */ = {
			isa = PBXGroup;
			children = (
				B52AC7CA26EE1C0F000B72FE /* LaunchScreen.storyboard */,
				B52AC7DC26EE1E2D000B72FE /* SingIn.storyboard */,
			);
			path = LaunchAndSingIn;
			sourceTree = "<group>";
		};
		B52AC7E826EE20CE000B72FE /* GarageFlow */ = {
			isa = PBXGroup;
			children = (
				B52AC7E226EE2005000B72FE /* Garage.storyboard */,
			);
			path = GarageFlow;
			sourceTree = "<group>";
		};
		B52AC7E926EE20F0000B72FE /* StatisticsFlow */ = {
			isa = PBXGroup;
			children = (
				B52AC7E426EE2049000B72FE /* Statistics.storyboard */,
			);
			path = StatisticsFlow;
			sourceTree = "<group>";
		};
		B52AC7EA26EE210F000B72FE /* MaintenanceFlow */ = {
			isa = PBXGroup;
			children = (
				B52AC7E626EE209B000B72FE /* Maintenance.storyboard */,
			);
			path = MaintenanceFlow;
			sourceTree = "<group>";
		};
		B52AC7EB26EE215E000B72FE /* VCMaintenanceFlow */ = {
			isa = PBXGroup;
			children = (
			);
			path = VCMaintenanceFlow;
			sourceTree = "<group>";
		};
		B52AC7EC26EE2185000B72FE /* VCStatisticsFlow */ = {
			isa = PBXGroup;
			children = (
			);
			path = VCStatisticsFlow;
			sourceTree = "<group>";
		};
		B52AC7ED26EE219B000B72FE /* VCGarageFlow */ = {
			isa = PBXGroup;
			children = (
			);
			path = VCGarageFlow;
			sourceTree = "<group>";
		};
		B52AC7EE26EE21C1000B72FE /* VCSingInFlow */ = {
			isa = PBXGroup;
			children = (
				B52AC7DE26EE1E62000B72FE /* SignInVC.swift */,
			);
			path = VCSingInFlow;
			sourceTree = "<group>";
		};
		B5BA966B26EF9C5E002BF186 /* Frameworks */ = {
			isa = PBXGroup;
			children = (
			);
			name = Frameworks;
			sourceTree = "<group>";
		};
/* End PBXGroup section */

/* Begin PBXNativeTarget section */
		B52AC7BB26EE1C0D000B72FE /* Car maintenance */ = {
			isa = PBXNativeTarget;
			buildConfigurationList = B52AC7D026EE1C0F000B72FE /* Build configuration list for PBXNativeTarget "Car maintenance" */;
			buildPhases = (
				B52AC7B826EE1C0D000B72FE /* Sources */,
				B52AC7B926EE1C0D000B72FE /* Frameworks */,
				B52AC7BA26EE1C0D000B72FE /* Resources */,
			);
			buildRules = (
			);
			dependencies = (
			);
			name = "Car maintenance";
			packageProductDependencies = (
				B5BA966C26EF9C5E002BF186 /* FirebaseAuth */,
				B5BA966E26EF9C5E002BF186 /* FirebaseDatabase */,
			);
			productName = "Car maintenance";
			productReference = B52AC7BC26EE1C0D000B72FE /* Car maintenance.app */;
			productType = "com.apple.product-type.application";
		};
/* End PBXNativeTarget section */

/* Begin PBXProject section */
		B52AC7B426EE1C0D000B72FE /* Project object */ = {
			isa = PBXProject;
			attributes = {
				LastSwiftUpdateCheck = 1250;
				LastUpgradeCheck = 1250;
				TargetAttributes = {
					B52AC7BB26EE1C0D000B72FE = {
						CreatedOnToolsVersion = 12.5.1;
					};
				};
			};
			buildConfigurationList = B52AC7B726EE1C0D000B72FE /* Build configuration list for PBXProject "Car maintenance" */;
			compatibilityVersion = "Xcode 9.3";
			developmentRegion = en;
			hasScannedForEncodings = 0;
			knownRegions = (
				en,
				Base,
			);
			mainGroup = B52AC7B326EE1C0D000B72FE;
			packageReferences = (
				B52AC7EF26EE22EB000B72FE /* XCRemoteSwiftPackageReference "firebase-ios-sdk" */,
			);
			productRefGroup = B52AC7BD26EE1C0D000B72FE /* Products */;
			projectDirPath = "";
			projectRoot = "";
			targets = (
				B52AC7BB26EE1C0D000B72FE /* Car maintenance */,
			);
		};
/* End PBXProject section */

/* Begin PBXResourcesBuildPhase section */
		B52AC7BA26EE1C0D000B72FE /* Resources */ = {
			isa = PBXResourcesBuildPhase;
			buildActionMask = 2147483647;
			files = (
				B52AC7CC26EE1C0F000B72FE /* LaunchScreen.storyboard in Resources */,
				B52AC7F526EE30BC000B72FE /* GoogleService-Info.plist in Resources */,
				B52AC7E326EE2005000B72FE /* Garage.storyboard in Resources */,
				B52AC7C926EE1C0F000B72FE /* Assets.xcassets in Resources */,
				B52AC7E126EE1FCB000B72FE /* MainVeiw.storyboard in Resources */,
				B52AC7DD26EE1E2D000B72FE /* SingIn.storyboard in Resources */,
				B52AC7E726EE209B000B72FE /* Maintenance.storyboard in Resources */,
				B52AC7E526EE2049000B72FE /* Statistics.storyboard in Resources */,
			);
			runOnlyForDeploymentPostprocessing = 0;
		};
/* End PBXResourcesBuildPhase section */

/* Begin PBXSourcesBuildPhase section */
		B52AC7B826EE1C0D000B72FE /* Sources */ = {
			isa = PBXSourcesBuildPhase;
			buildActionMask = 2147483647;
			files = (
				B52AC7C026EE1C0D000B72FE /* AppDelegate.swift in Sources */,
				B52AC7C226EE1C0D000B72FE /* SceneDelegate.swift in Sources */,
				B52AC7DF26EE1E62000B72FE /* SignInVC.swift in Sources */,
				B5C766EE26EF6EBB00EAD2D9 /* User.swift in Sources */,
				B5E1090D26EE5986006B50AE /* Constants.swift in Sources */,
			);
			runOnlyForDeploymentPostprocessing = 0;
		};
/* End PBXSourcesBuildPhase section */

/* Begin PBXVariantGroup section */
		B52AC7CA26EE1C0F000B72FE /* LaunchScreen.storyboard */ = {
			isa = PBXVariantGroup;
			children = (
				B52AC7CB26EE1C0F000B72FE /* Base */,
			);
			name = LaunchScreen.storyboard;
			sourceTree = "<group>";
		};
/* End PBXVariantGroup section */

/* Begin XCBuildConfiguration section */
		B52AC7CE26EE1C0F000B72FE /* Debug */ = {
			isa = XCBuildConfiguration;
			buildSettings = {
				ALWAYS_SEARCH_USER_PATHS = NO;
				CLANG_ANALYZER_NONNULL = YES;
				CLANG_ANALYZER_NUMBER_OBJECT_CONVERSION = YES_AGGRESSIVE;
				CLANG_CXX_LANGUAGE_STANDARD = "gnu++14";
				CLANG_CXX_LIBRARY = "libc++";
				CLANG_ENABLE_MODULES = YES;
				CLANG_ENABLE_OBJC_ARC = YES;
				CLANG_ENABLE_OBJC_WEAK = YES;
				CLANG_WARN_BLOCK_CAPTURE_AUTORELEASING = YES;
				CLANG_WARN_BOOL_CONVERSION = YES;
				CLANG_WARN_COMMA = YES;
				CLANG_WARN_CONSTANT_CONVERSION = YES;
				CLANG_WARN_DEPRECATED_OBJC_IMPLEMENTATIONS = YES;
				CLANG_WARN_DIRECT_OBJC_ISA_USAGE = YES_ERROR;
				CLANG_WARN_DOCUMENTATION_COMMENTS = YES;
				CLANG_WARN_EMPTY_BODY = YES;
				CLANG_WARN_ENUM_CONVERSION = YES;
				CLANG_WARN_INFINITE_RECURSION = YES;
				CLANG_WARN_INT_CONVERSION = YES;
				CLANG_WARN_NON_LITERAL_NULL_CONVERSION = YES;
				CLANG_WARN_OBJC_IMPLICIT_RETAIN_SELF = YES;
				CLANG_WARN_OBJC_LITERAL_CONVERSION = YES;
				CLANG_WARN_OBJC_ROOT_CLASS = YES_ERROR;
				CLANG_WARN_QUOTED_INCLUDE_IN_FRAMEWORK_HEADER = YES;
				CLANG_WARN_RANGE_LOOP_ANALYSIS = YES;
				CLANG_WARN_STRICT_PROTOTYPES = YES;
				CLANG_WARN_SUSPICIOUS_MOVE = YES;
				CLANG_WARN_UNGUARDED_AVAILABILITY = YES_AGGRESSIVE;
				CLANG_WARN_UNREACHABLE_CODE = YES;
				CLANG_WARN__DUPLICATE_METHOD_MATCH = YES;
				COPY_PHASE_STRIP = NO;
				DEBUG_INFORMATION_FORMAT = dwarf;
				ENABLE_STRICT_OBJC_MSGSEND = YES;
				ENABLE_TESTABILITY = YES;
				GCC_C_LANGUAGE_STANDARD = gnu11;
				GCC_DYNAMIC_NO_PIC = NO;
				GCC_NO_COMMON_BLOCKS = YES;
				GCC_OPTIMIZATION_LEVEL = 0;
				GCC_PREPROCESSOR_DEFINITIONS = (
					"DEBUG=1",
					"$(inherited)",
				);
				GCC_WARN_64_TO_32_BIT_CONVERSION = YES;
				GCC_WARN_ABOUT_RETURN_TYPE = YES_ERROR;
				GCC_WARN_UNDECLARED_SELECTOR = YES;
				GCC_WARN_UNINITIALIZED_AUTOS = YES_AGGRESSIVE;
				GCC_WARN_UNUSED_FUNCTION = YES;
				GCC_WARN_UNUSED_VARIABLE = YES;
				IPHONEOS_DEPLOYMENT_TARGET = 14.5;
				MTL_ENABLE_DEBUG_INFO = INCLUDE_SOURCE;
				MTL_FAST_MATH = YES;
				ONLY_ACTIVE_ARCH = YES;
				SDKROOT = iphoneos;
				SWIFT_ACTIVE_COMPILATION_CONDITIONS = DEBUG;
				SWIFT_OPTIMIZATION_LEVEL = "-Onone";
			};
			name = Debug;
		};
		B52AC7CF26EE1C0F000B72FE /* Release */ = {
			isa = XCBuildConfiguration;
			buildSettings = {
				ALWAYS_SEARCH_USER_PATHS = NO;
				CLANG_ANALYZER_NONNULL = YES;
				CLANG_ANALYZER_NUMBER_OBJECT_CONVERSION = YES_AGGRESSIVE;
				CLANG_CXX_LANGUAGE_STANDARD = "gnu++14";
				CLANG_CXX_LIBRARY = "libc++";
				CLANG_ENABLE_MODULES = YES;
				CLANG_ENABLE_OBJC_ARC = YES;
				CLANG_ENABLE_OBJC_WEAK = YES;
				CLANG_WARN_BLOCK_CAPTURE_AUTORELEASING = YES;
				CLANG_WARN_BOOL_CONVERSION = YES;
				CLANG_WARN_COMMA = YES;
				CLANG_WARN_CONSTANT_CONVERSION = YES;
				CLANG_WARN_DEPRECATED_OBJC_IMPLEMENTATIONS = YES;
				CLANG_WARN_DIRECT_OBJC_ISA_USAGE = YES_ERROR;
				CLANG_WARN_DOCUMENTATION_COMMENTS = YES;
				CLANG_WARN_EMPTY_BODY = YES;
				CLANG_WARN_ENUM_CONVERSION = YES;
				CLANG_WARN_INFINITE_RECURSION = YES;
				CLANG_WARN_INT_CONVERSION = YES;
				CLANG_WARN_NON_LITERAL_NULL_CONVERSION = YES;
				CLANG_WARN_OBJC_IMPLICIT_RETAIN_SELF = YES;
				CLANG_WARN_OBJC_LITERAL_CONVERSION = YES;
				CLANG_WARN_OBJC_ROOT_CLASS = YES_ERROR;
				CLANG_WARN_QUOTED_INCLUDE_IN_FRAMEWORK_HEADER = YES;
				CLANG_WARN_RANGE_LOOP_ANALYSIS = YES;
				CLANG_WARN_STRICT_PROTOTYPES = YES;
				CLANG_WARN_SUSPICIOUS_MOVE = YES;
				CLANG_WARN_UNGUARDED_AVAILABILITY = YES_AGGRESSIVE;
				CLANG_WARN_UNREACHABLE_CODE = YES;
				CLANG_WARN__DUPLICATE_METHOD_MATCH = YES;
				COPY_PHASE_STRIP = NO;
				DEBUG_INFORMATION_FORMAT = "dwarf-with-dsym";
				ENABLE_NS_ASSERTIONS = NO;
				ENABLE_STRICT_OBJC_MSGSEND = YES;
				GCC_C_LANGUAGE_STANDARD = gnu11;
				GCC_NO_COMMON_BLOCKS = YES;
				GCC_WARN_64_TO_32_BIT_CONVERSION = YES;
				GCC_WARN_ABOUT_RETURN_TYPE = YES_ERROR;
				GCC_WARN_UNDECLARED_SELECTOR = YES;
				GCC_WARN_UNINITIALIZED_AUTOS = YES_AGGRESSIVE;
				GCC_WARN_UNUSED_FUNCTION = YES;
				GCC_WARN_UNUSED_VARIABLE = YES;
				IPHONEOS_DEPLOYMENT_TARGET = 14.5;
				MTL_ENABLE_DEBUG_INFO = NO;
				MTL_FAST_MATH = YES;
				SDKROOT = iphoneos;
				SWIFT_COMPILATION_MODE = wholemodule;
				SWIFT_OPTIMIZATION_LEVEL = "-O";
				VALIDATE_PRODUCT = YES;
			};
			name = Release;
		};
		B52AC7D126EE1C0F000B72FE /* Debug */ = {
			isa = XCBuildConfiguration;
			buildSettings = {
				ASSETCATALOG_COMPILER_APPICON_NAME = AppIcon;
				ASSETCATALOG_COMPILER_GLOBAL_ACCENT_COLOR_NAME = AccentColor;
				CODE_SIGN_STYLE = Automatic;
				DEVELOPMENT_TEAM = R62GJGA49C;
				INFOPLIST_FILE = "Car maintenance/Info.plist";
				IPHONEOS_DEPLOYMENT_TARGET = 14.3;
				LD_RUNPATH_SEARCH_PATHS = (
					"$(inherited)",
					"@executable_path/Frameworks",
				);
				PRODUCT_BUNDLE_IDENTIFIER = "graduation-project.Car-maintenance";
				PRODUCT_NAME = "$(TARGET_NAME)";
				SWIFT_VERSION = 5.0;
				TARGETED_DEVICE_FAMILY = 1;
			};
			name = Debug;
		};
		B52AC7D226EE1C0F000B72FE /* Release */ = {
			isa = XCBuildConfiguration;
			buildSettings = {
				ASSETCATALOG_COMPILER_APPICON_NAME = AppIcon;
				ASSETCATALOG_COMPILER_GLOBAL_ACCENT_COLOR_NAME = AccentColor;
				CODE_SIGN_STYLE = Automatic;
				DEVELOPMENT_TEAM = R62GJGA49C;
				INFOPLIST_FILE = "Car maintenance/Info.plist";
				IPHONEOS_DEPLOYMENT_TARGET = 14.3;
				LD_RUNPATH_SEARCH_PATHS = (
					"$(inherited)",
					"@executable_path/Frameworks",
				);
				PRODUCT_BUNDLE_IDENTIFIER = "graduation-project.Car-maintenance";
				PRODUCT_NAME = "$(TARGET_NAME)";
				SWIFT_VERSION = 5.0;
				TARGETED_DEVICE_FAMILY = 1;
			};
			name = Release;
		};
/* End XCBuildConfiguration section */

/* Begin XCConfigurationList section */
		B52AC7B726EE1C0D000B72FE /* Build configuration list for PBXProject "Car maintenance" */ = {
			isa = XCConfigurationList;
			buildConfigurations = (
				B52AC7CE26EE1C0F000B72FE /* Debug */,
				B52AC7CF26EE1C0F000B72FE /* Release */,
			);
			defaultConfigurationIsVisible = 0;
			defaultConfigurationName = Release;
		};
		B52AC7D026EE1C0F000B72FE /* Build configuration list for PBXNativeTarget "Car maintenance" */ = {
			isa = XCConfigurationList;
			buildConfigurations = (
				B52AC7D126EE1C0F000B72FE /* Debug */,
				B52AC7D226EE1C0F000B72FE /* Release */,
			);
			defaultConfigurationIsVisible = 0;
			defaultConfigurationName = Release;
		};
/* End XCConfigurationList section */

/* Begin XCRemoteSwiftPackageReference section */
		B52AC7EF26EE22EB000B72FE /* XCRemoteSwiftPackageReference "firebase-ios-sdk" */ = {
			isa = XCRemoteSwiftPackageReference;
			repositoryURL = "https://github.com/firebase/firebase-ios-sdk.git";
			requirement = {
				kind = upToNextMajorVersion;
				minimumVersion = 8.7.0;
			};
		};
/* End XCRemoteSwiftPackageReference section */

/* Begin XCSwiftPackageProductDependency section */
		B5BA966C26EF9C5E002BF186 /* FirebaseAuth */ = {
			isa = XCSwiftPackageProductDependency;
			package = B52AC7EF26EE22EB000B72FE /* XCRemoteSwiftPackageReference "firebase-ios-sdk" */;
			productName = FirebaseAuth;
		};
		B5BA966E26EF9C5E002BF186 /* FirebaseDatabase */ = {
			isa = XCSwiftPackageProductDependency;
			package = B52AC7EF26EE22EB000B72FE /* XCRemoteSwiftPackageReference "firebase-ios-sdk" */;
			productName = FirebaseDatabase;
		};
/* End XCSwiftPackageProductDependency section */
	};
	rootObject = B52AC7B426EE1C0D000B72FE /* Project object */;
}
